{
  "version": "5",
  "specifiers": {
    "npm:@prisma/client@^4.5.0": "4.5.0_prisma@4.5.0",
    "npm:dotenv-cli@6": "6.0.0",
    "npm:prisma@^4.5.0": "4.5.0"
  },
  "npm": {
    "@prisma/client@4.5.0_prisma@4.5.0": {
      "integrity": "sha512-B2cV0OPI1smhdYUxsJoLYQLoMlLH06MUxgFUWQnHodGMX98VRVXKmQE/9OcrTNkqtke5RC+YU24Szxd04tZA2g==",
      "dependencies": [
        "@prisma/engines-version",
        "prisma"
      ],
      "optionalPeers": [
        "prisma"
      ],
      "scripts": true
    },
    "@prisma/engines-version@4.5.0-43.0362da9eebca54d94c8ef5edd3b2e90af99ba452": {
      "integrity": "sha512-o7LyVx8PPJBLrEzLl6lpxxk2D5VnlM4Fwmrbq0NoT6pr5aa1OuHD9ZG+WJY6TlR/iD9bhmo2LNcxddCMr5Rv2A=="
    },
    "@prisma/engines@4.5.0": {
      "integrity": "sha512-4t9ir2SbQQr/wMCNU4YpHWp5hU14J2m3wHUZnGJPpmBF8YtkisxyVyQsKd1e6FyLTaGq8LOLhm6VLYHKqKNm+g==",
      "scripts": true
    },
    "cross-spawn@7.0.6": {
      "integrity": "sha512-uV2QOWP2nWzsy2aMp8aRibhi9dlzF5Hgh5SHaB9OiTGEyDTiJJyx0uy51QXdyWbtAHNua4XJzUKca3OzKUd3vA==",
      "dependencies": [
        "path-key",
        "shebang-command",
        "which"
      ]
    },
    "dotenv-cli@6.0.0": {
      "integrity": "sha512-qXlCOi3UMDhCWFKe0yq5sg3X+pJAz+RQDiFN38AMSbUrnY3uZshSfDJUAge951OS7J9gwLZGfsBlWRSOYz/TRg==",
      "dependencies": [
        "cross-spawn",
        "dotenv",
        "dotenv-expand",
        "minimist"
      ],
      "bin": true
    },
    "dotenv-expand@8.0.3": {
      "integrity": "sha512-SErOMvge0ZUyWd5B0NXMQlDkN+8r+HhVUsxgOO7IoPDOdDRD2JjExpN6y3KnFR66jsJMwSn1pqIivhU5rcJiNg=="
    },
    "dotenv@16.0.3": {
      "integrity": "sha512-7GO6HghkA5fYG9TYnNxi14/7K9f5occMlp3zXAuSxn7CKCxt9xbNWG7yF8hTCSUchlfWSe3uLmlPfigevRItzQ=="
    },
    "isexe@2.0.0": {
      "integrity": "sha512-RHxMLp9lnKHGHRng9QFhRCMbYAcVpn69smSGcq3f36xjgVVWThj4qqLbTLlq7Ssj8B+fIQ1EuCEGI2lKsyQeIw=="
    },
    "minimist@1.2.7": {
      "integrity": "sha512-bzfL1YUZsP41gmu/qjrEk0Q6i2ix/cVeAhbCbqH9u3zYutS1cLg00qhrD0M2MVdCcx4Sc0UpP2eBWo9rotpq6g=="
    },
    "path-key@3.1.1": {
      "integrity": "sha512-ojmeN0qd+y0jszEtoY48r0Peq5dwMEkIlCOu6Q5f41lfkswXuKtYrhgoTpLnyIcHm24Uhqx+5Tqm2InSwLhE6Q=="
    },
    "prisma@4.5.0": {
      "integrity": "sha512-9Aeg4qiKlv9Wsjz4NO8k2CzRzlvS3A4FYVJ5+28sBBZ0eEwbiVOE/Jj7v6rZC1tFW2s4GSICQOAyuOjc6WsNew==",
      "dependencies": [
        "@prisma/engines"
      ],
      "scripts": true,
      "bin": true
    },
    "shebang-command@2.0.0": {
      "integrity": "sha512-kHxr2zZpYtdmrN1qDjrrX/Z1rR1kG8Dx+gkpK1G4eXmvXswmcE1hTWBWYUzlraYw1/yZp6YuDY77YtvbN0dmDA==",
      "dependencies": [
        "shebang-regex"
      ]
    },
    "shebang-regex@3.0.0": {
      "integrity": "sha512-7++dFhtcx3353uBaq8DDR4NuxBetBzC7ZQOhmTQInHEd6bSrXdiEyzCvG07Z44UYdLShWUyXt5M/yhz8ekcb1A=="
    },
    "which@2.0.2": {
      "integrity": "sha512-BLI3Tl1TW3Pvl70l3yq3Y64i+awpwXqsGBYWkkqMtnbXgrMD+yj7rhW0kuEDxzJaYXGjEW5ogapKNMEKNMjibA==",
      "dependencies": [
        "isexe"
      ],
      "bin": true
    }
  },
  "workspace": {
    "packageJson": {
      "dependencies": [
        "npm:@prisma/client@^4.5.0",
        "npm:dotenv-cli@6",
        "npm:prisma@^4.5.0"
      ]
    }
  }
}
